// !$*UTF8*$!
{
	archiveVersion = 1;
	classes = {
	};
	objectVersion = 50;
	objects = {

/* Begin PBXBuildFile section */
		04EEFBD7256A649300EA62E9 /* WatchTimerApp WatchKit App.app in Embed Watch Content */ = {isa = PBXBuildFile; fileRef = 04EEFBD6256A649300EA62E9 /* WatchTimerApp WatchKit App.app */; settings = {ATTRIBUTES = (RemoveHeadersOnCopy, ); }; };
		04EEFBDD256A649300EA62E9 /* Interface.storyboard in Resources */ = {isa = PBXBuildFile; fileRef = 04EEFBDB256A649300EA62E9 /* Interface.storyboard */; };
		04EEFBDF256A649400EA62E9 /* Assets.xcassets in Resources */ = {isa = PBXBuildFile; fileRef = 04EEFBDE256A649400EA62E9 /* Assets.xcassets */; };
		04EEFBE6256A649400EA62E9 /* WatchTimerApp WatchKit Extension.appex in Embed App Extensions */ = {isa = PBXBuildFile; fileRef = 04EEFBE5256A649400EA62E9 /* WatchTimerApp WatchKit Extension.appex */; settings = {ATTRIBUTES = (RemoveHeadersOnCopy, ); }; };
		04EEFBEB256A649400EA62E9 /* InterfaceController.swift in Sources */ = {isa = PBXBuildFile; fileRef = 04EEFBEA256A649400EA62E9 /* InterfaceController.swift */; };
		04EEFBED256A649400EA62E9 /* ExtensionDelegate.swift in Sources */ = {isa = PBXBuildFile; fileRef = 04EEFBEC256A649400EA62E9 /* ExtensionDelegate.swift */; };
		04EEFBEF256A649400EA62E9 /* ComplicationController.swift in Sources */ = {isa = PBXBuildFile; fileRef = 04EEFBEE256A649400EA62E9 /* ComplicationController.swift */; };
		04EEFBF1256A649500EA62E9 /* Assets.xcassets in Resources */ = {isa = PBXBuildFile; fileRef = 04EEFBF0256A649500EA62E9 /* Assets.xcassets */; };
/* End PBXBuildFile section */

/* Begin PBXContainerItemProxy section */
		04EEFBD8256A649300EA62E9 /* PBXContainerItemProxy */ = {
			isa = PBXContainerItemProxy;
			containerPortal = 04EEFBCC256A649300EA62E9 /* Project object */;
			proxyType = 1;
			remoteGlobalIDString = 04EEFBD5256A649300EA62E9;
			remoteInfo = "WatchTimerApp WatchKit App";
		};
		04EEFBE7256A649400EA62E9 /* PBXContainerItemProxy */ = {
			isa = PBXContainerItemProxy;
			containerPortal = 04EEFBCC256A649300EA62E9 /* Project object */;
			proxyType = 1;
			remoteGlobalIDString = 04EEFBE4256A649400EA62E9;
			remoteInfo = "WatchTimerApp WatchKit Extension";
		};
/* End PBXContainerItemProxy section */

/* Begin PBXCopyFilesBuildPhase section */
		04EEFBF8256A649500EA62E9 /* Embed App Extensions */ = {
			isa = PBXCopyFilesBuildPhase;
			buildActionMask = 2147483647;
			dstPath = "";
			dstSubfolderSpec = 13;
			files = (
				04EEFBE6256A649400EA62E9 /* WatchTimerApp WatchKit Extension.appex in Embed App Extensions */,
			);
			name = "Embed App Extensions";
			runOnlyForDeploymentPostprocessing = 0;
		};
		04EEFBFC256A649500EA62E9 /* Embed Watch Content */ = {
			isa = PBXCopyFilesBuildPhase;
			buildActionMask = 2147483647;
			dstPath = "$(CONTENTS_FOLDER_PATH)/Watch";
			dstSubfolderSpec = 16;
			files = (
				04EEFBD7256A649300EA62E9 /* WatchTimerApp WatchKit App.app in Embed Watch Content */,
			);
			name = "Embed Watch Content";
			runOnlyForDeploymentPostprocessing = 0;
		};
/* End PBXCopyFilesBuildPhase section */

/* Begin PBXFileReference section */
		04EEFBD2256A649300EA62E9 /* WatchTimerApp.app */ = {isa = PBXFileReference; explicitFileType = wrapper.application; includeInIndex = 0; path = WatchTimerApp.app; sourceTree = BUILT_PRODUCTS_DIR; };
		04EEFBD6256A649300EA62E9 /* WatchTimerApp WatchKit App.app */ = {isa = PBXFileReference; explicitFileType = wrapper.application; includeInIndex = 0; path = "WatchTimerApp WatchKit App.app"; sourceTree = BUILT_PRODUCTS_DIR; };
		04EEFBDC256A649300EA62E9 /* Base */ = {isa = PBXFileReference; lastKnownFileType = file.storyboard; name = Base; path = Base.lproj/Interface.storyboard; sourceTree = "<group>"; };
		04EEFBDE256A649400EA62E9 /* Assets.xcassets */ = {isa = PBXFileReference; lastKnownFileType = folder.assetcatalog; path = Assets.xcassets; sourceTree = "<group>"; };
		04EEFBE0256A649400EA62E9 /* Info.plist */ = {isa = PBXFileReference; lastKnownFileType = text.plist.xml; path = Info.plist; sourceTree = "<group>"; };
		04EEFBE5256A649400EA62E9 /* WatchTimerApp WatchKit Extension.appex */ = {isa = PBXFileReference; explicitFileType = "wrapper.app-extension"; includeInIndex = 0; path = "WatchTimerApp WatchKit Extension.appex"; sourceTree = BUILT_PRODUCTS_DIR; };
		04EEFBEA256A649400EA62E9 /* InterfaceController.swift */ = {isa = PBXFileReference; lastKnownFileType = sourcecode.swift; path = InterfaceController.swift; sourceTree = "<group>"; };
		04EEFBEC256A649400EA62E9 /* ExtensionDelegate.swift */ = {isa = PBXFileReference; lastKnownFileType = sourcecode.swift; path = ExtensionDelegate.swift; sourceTree = "<group>"; };
		04EEFBEE256A649400EA62E9 /* ComplicationController.swift */ = {isa = PBXFileReference; lastKnownFileType = sourcecode.swift; path = ComplicationController.swift; sourceTree = "<group>"; };
		04EEFBF0256A649500EA62E9 /* Assets.xcassets */ = {isa = PBXFileReference; lastKnownFileType = folder.assetcatalog; path = Assets.xcassets; sourceTree = "<group>"; };
		04EEFBF2256A649500EA62E9 /* Info.plist */ = {isa = PBXFileReference; lastKnownFileType = text.plist.xml; path = Info.plist; sourceTree = "<group>"; };
/* End PBXFileReference section */

/* Begin PBXFrameworksBuildPhase section */
		04EEFBE2256A649400EA62E9 /* Frameworks */ = {
			isa = PBXFrameworksBuildPhase;
			buildActionMask = 2147483647;
			files = (
			);
			runOnlyForDeploymentPostprocessing = 0;
		};
/* End PBXFrameworksBuildPhase section */

/* Begin PBXGroup section */
		04EEFBCB256A649300EA62E9 = {
			isa = PBXGroup;
			children = (
				04EEFBDA256A649300EA62E9 /* WatchTimerApp WatchKit App */,
				04EEFBE9256A649400EA62E9 /* WatchTimerApp WatchKit Extension */,
				04EEFBD3256A649300EA62E9 /* Products */,
			);
			sourceTree = "<group>";
		};
		04EEFBD3256A649300EA62E9 /* Products */ = {
			isa = PBXGroup;
			children = (
				04EEFBD2256A649300EA62E9 /* WatchTimerApp.app */,
				04EEFBD6256A649300EA62E9 /* WatchTimerApp WatchKit App.app */,
				04EEFBE5256A649400EA62E9 /* WatchTimerApp WatchKit Extension.appex */,
			);
			name = Products;
			sourceTree = "<group>";
		};
		04EEFBDA256A649300EA62E9 /* WatchTimerApp WatchKit App */ = {
			isa = PBXGroup;
			children = (
				04EEFBDB256A649300EA62E9 /* Interface.storyboard */,
				04EEFBDE256A649400EA62E9 /* Assets.xcassets */,
				04EEFBE0256A649400EA62E9 /* Info.plist */,
			);
			path = "WatchTimerApp WatchKit App";
			sourceTree = "<group>";
		};
		04EEFBE9256A649400EA62E9 /* WatchTimerApp WatchKit Extension */ = {
			isa = PBXGroup;
			children = (
				04EEFBEA256A649400EA62E9 /* InterfaceController.swift */,
				04EEFBEC256A649400EA62E9 /* ExtensionDelegate.swift */,
				04EEFBEE256A649400EA62E9 /* ComplicationController.swift */,
				04EEFBF0256A649500EA62E9 /* Assets.xcassets */,
				04EEFBF2256A649500EA62E9 /* Info.plist */,
			);
			path = "WatchTimerApp WatchKit Extension";
			sourceTree = "<group>";
		};
/* End PBXGroup section */

/* Begin PBXNativeTarget section */
		04EEFBD1256A649300EA62E9 /* WatchTimerApp */ = {
			isa = PBXNativeTarget;
			buildConfigurationList = 04EEFBFD256A649500EA62E9 /* Build configuration list for PBXNativeTarget "WatchTimerApp" */;
			buildPhases = (
				04EEFBD0256A649300EA62E9 /* Resources */,
				04EEFBFC256A649500EA62E9 /* Embed Watch Content */,
			);
			buildRules = (
			);
			dependencies = (
				04EEFBD9256A649300EA62E9 /* PBXTargetDependency */,
			);
			name = WatchTimerApp;
			productName = WatchTimerApp;
			productReference = 04EEFBD2256A649300EA62E9 /* WatchTimerApp.app */;
			productType = "com.apple.product-type.application.watchapp2-container";
		};
		04EEFBD5256A649300EA62E9 /* WatchTimerApp WatchKit App */ = {
			isa = PBXNativeTarget;
			buildConfigurationList = 04EEFBF9256A649500EA62E9 /* Build configuration list for PBXNativeTarget "WatchTimerApp WatchKit App" */;
			buildPhases = (
				04EEFBD4256A649300EA62E9 /* Resources */,
				04EEFBF8256A649500EA62E9 /* Embed App Extensions */,
			);
			buildRules = (
			);
			dependencies = (
				04EEFBE8256A649400EA62E9 /* PBXTargetDependency */,
			);
			name = "WatchTimerApp WatchKit App";
			productName = "WatchTimerApp WatchKit App";
			productReference = 04EEFBD6256A649300EA62E9 /* WatchTimerApp WatchKit App.app */;
			productType = "com.apple.product-type.application.watchapp2";
		};
		04EEFBE4256A649400EA62E9 /* WatchTimerApp WatchKit Extension */ = {
			isa = PBXNativeTarget;
			buildConfigurationList = 04EEFBF5256A649500EA62E9 /* Build configuration list for PBXNativeTarget "WatchTimerApp WatchKit Extension" */;
			buildPhases = (
				04EEFBE1256A649400EA62E9 /* Sources */,
				04EEFBE2256A649400EA62E9 /* Frameworks */,
				04EEFBE3256A649400EA62E9 /* Resources */,
			);
			buildRules = (
			);
			dependencies = (
			);
			name = "WatchTimerApp WatchKit Extension";
			productName = "WatchTimerApp WatchKit Extension";
			productReference = 04EEFBE5256A649400EA62E9 /* WatchTimerApp WatchKit Extension.appex */;
			productType = "com.apple.product-type.watchkit2-extension";
		};
/* End PBXNativeTarget section */

/* Begin PBXProject section */
		04EEFBCC256A649300EA62E9 /* Project object */ = {
			isa = PBXProject;
			attributes = {
				LastSwiftUpdateCheck = 1220;
				LastUpgradeCheck = 1220;
				TargetAttributes = {
					04EEFBD1256A649300EA62E9 = {
						CreatedOnToolsVersion = 12.2;
					};
					04EEFBD5256A649300EA62E9 = {
						CreatedOnToolsVersion = 12.2;
					};
					04EEFBE4256A649400EA62E9 = {
						CreatedOnToolsVersion = 12.2;
					};
				};
			};
			buildConfigurationList = 04EEFBCF256A649300EA62E9 /* Build configuration list for PBXProject "WatchTimerApp" */;
			compatibilityVersion = "Xcode 9.3";
			developmentRegion = en;
			hasScannedForEncodings = 0;
			knownRegions = (
				en,
				Base,
			);
			mainGroup = 04EEFBCB256A649300EA62E9;
			productRefGroup = 04EEFBD3256A649300EA62E9 /* Products */;
			projectDirPath = "";
			projectRoot = "";
			targets = (
				04EEFBD1256A649300EA62E9 /* WatchTimerApp */,
				04EEFBD5256A649300EA62E9 /* WatchTimerApp WatchKit App */,
				04EEFBE4256A649400EA62E9 /* WatchTimerApp WatchKit Extension */,
			);
		};
/* End PBXProject section */

/* Begin PBXResourcesBuildPhase section */
		04EEFBD0256A649300EA62E9 /* Resources */ = {
			isa = PBXResourcesBuildPhase;
			buildActionMask = 2147483647;
			files = (
			);
			runOnlyForDeploymentPostprocessing = 0;
		};
		04EEFBD4256A649300EA62E9 /* Resources */ = {
			isa = PBXResourcesBuildPhase;
			buildActionMask = 2147483647;
			files = (
				04EEFBDF256A649400EA62E9 /* Assets.xcassets in Resources */,
				04EEFBDD256A649300EA62E9 /* Interface.storyboard in Resources */,
			);
			runOnlyForDeploymentPostprocessing = 0;
		};
		04EEFBE3256A649400EA62E9 /* Resources */ = {
			isa = PBXResourcesBuildPhase;
			buildActionMask = 2147483647;
			files = (
				04EEFBF1256A649500EA62E9 /* Assets.xcassets in Resources */,
			);
			runOnlyForDeploymentPostprocessing = 0;
		};
/* End PBXResourcesBuildPhase section */

/* Begin PBXSourcesBuildPhase section */
		04EEFBE1256A649400EA62E9 /* Sources */ = {
			isa = PBXSourcesBuildPhase;
			buildActionMask = 2147483647;
			files = (
				04EEFBED256A649400EA62E9 /* ExtensionDelegate.swift in Sources */,
				04EEFBEB256A649400EA62E9 /* InterfaceController.swift in Sources */,
				04EEFBEF256A649400EA62E9 /* ComplicationController.swift in Sources */,
			);
			runOnlyForDeploymentPostprocessing = 0;
		};
/* End PBXSourcesBuildPhase section */

/* Begin PBXTargetDependency section */
		04EEFBD9256A649300EA62E9 /* PBXTargetDependency */ = {
			isa = PBXTargetDependency;
			target = 04EEFBD5256A649300EA62E9 /* WatchTimerApp WatchKit App */;
			targetProxy = 04EEFBD8256A649300EA62E9 /* PBXContainerItemProxy */;
		};
		04EEFBE8256A649400EA62E9 /* PBXTargetDependency */ = {
			isa = PBXTargetDependency;
			target = 04EEFBE4256A649400EA62E9 /* WatchTimerApp WatchKit Extension */;
			targetProxy = 04EEFBE7256A649400EA62E9 /* PBXContainerItemProxy */;
		};
/* End PBXTargetDependency section */

/* Begin PBXVariantGroup section */
		04EEFBDB256A649300EA62E9 /* Interface.storyboard */ = {
			isa = PBXVariantGroup;
			children = (
				04EEFBDC256A649300EA62E9 /* Base */,
			);
			name = Interface.storyboard;
			sourceTree = "<group>";
		};
/* End PBXVariantGroup section */

/* Begin XCBuildConfiguration section */
		04EEFBF3256A649500EA62E9 /* Debug */ = {
			isa = XCBuildConfiguration;
			buildSettings = {
				ALWAYS_SEARCH_USER_PATHS = NO;
				CLANG_ANALYZER_NONNULL = YES;
				CLANG_ANALYZER_NUMBER_OBJECT_CONVERSION = YES_AGGRESSIVE;
				CLANG_CXX_LANGUAGE_STANDARD = "gnu++14";
				CLANG_CXX_LIBRARY = "libc++";
				CLANG_ENABLE_MODULES = YES;
				CLANG_ENABLE_OBJC_ARC = YES;
				CLANG_ENABLE_OBJC_WEAK = YES;
				CLANG_WARN_BLOCK_CAPTURE_AUTORELEASING = YES;
				CLANG_WARN_BOOL_CONVERSION = YES;
				CLANG_WARN_COMMA = YES;
				CLANG_WARN_CONSTANT_CONVERSION = YES;
				CLANG_WARN_DEPRECATED_OBJC_IMPLEMENTATIONS = YES;
				CLANG_WARN_DIRECT_OBJC_ISA_USAGE = YES_ERROR;
				CLANG_WARN_DOCUMENTATION_COMMENTS = YES;
				CLANG_WARN_EMPTY_BODY = YES;
				CLANG_WARN_ENUM_CONVERSION = YES;
				CLANG_WARN_INFINITE_RECURSION = YES;
				CLANG_WARN_INT_CONVERSION = YES;
				CLANG_WARN_NON_LITERAL_NULL_CONVERSION = YES;
				CLANG_WARN_OBJC_IMPLICIT_RETAIN_SELF = YES;
				CLANG_WARN_OBJC_LITERAL_CONVERSION = YES;
				CLANG_WARN_OBJC_ROOT_CLASS = YES_ERROR;
				CLANG_WARN_QUOTED_INCLUDE_IN_FRAMEWORK_HEADER = YES;
				CLANG_WARN_RANGE_LOOP_ANALYSIS = YES;
				CLANG_WARN_STRICT_PROTOTYPES = YES;
				CLANG_WARN_SUSPICIOUS_MOVE = YES;
				CLANG_WARN_UNGUARDED_AVAILABILITY = YES_AGGRESSIVE;
				CLANG_WARN_UNREACHABLE_CODE = YES;
				CLANG_WARN__DUPLICATE_METHOD_MATCH = YES;
				COPY_PHASE_STRIP = NO;
				DEBUG_INFORMATION_FORMAT = dwarf;
				ENABLE_STRICT_OBJC_MSGSEND = YES;
				ENABLE_TESTABILITY = YES;
				GCC_C_LANGUAGE_STANDARD = gnu11;
				GCC_DYNAMIC_NO_PIC = NO;
				GCC_NO_COMMON_BLOCKS = YES;
				GCC_OPTIMIZATION_LEVEL = 0;
				GCC_PREPROCESSOR_DEFINITIONS = (
					"DEBUG=1",
					"$(inherited)",
				);
				GCC_WARN_64_TO_32_BIT_CONVERSION = YES;
				GCC_WARN_ABOUT_RETURN_TYPE = YES_ERROR;
				GCC_WARN_UNDECLARED_SELECTOR = YES;
				GCC_WARN_UNINITIALIZED_AUTOS = YES_AGGRESSIVE;
				GCC_WARN_UNUSED_FUNCTION = YES;
				GCC_WARN_UNUSED_VARIABLE = YES;
				MTL_ENABLE_DEBUG_INFO = INCLUDE_SOURCE;
				MTL_FAST_MATH = YES;
				ONLY_ACTIVE_ARCH = YES;
				SDKROOT = iphoneos;
				SWIFT_ACTIVE_COMPILATION_CONDITIONS = DEBUG;
				SWIFT_OPTIMIZATION_LEVEL = "-Onone";
			};
			name = Debug;
		};
		04EEFBF4256A649500EA62E9 /* Release */ = {
			isa = XCBuildConfiguration;
			buildSettings = {
				ALWAYS_SEARCH_USER_PATHS = NO;
				CLANG_ANALYZER_NONNULL = YES;
				CLANG_ANALYZER_NUMBER_OBJECT_CONVERSION = YES_AGGRESSIVE;
				CLANG_CXX_LANGUAGE_STANDARD = "gnu++14";
				CLANG_CXX_LIBRARY = "libc++";
				CLANG_ENABLE_MODULES = YES;
				CLANG_ENABLE_OBJC_ARC = YES;
				CLANG_ENABLE_OBJC_WEAK = YES;
				CLANG_WARN_BLOCK_CAPTURE_AUTORELEASING = YES;
				CLANG_WARN_BOOL_CONVERSION = YES;
				CLANG_WARN_COMMA = YES;
				CLANG_WARN_CONSTANT_CONVERSION = YES;
				CLANG_WARN_DEPRECATED_OBJC_IMPLEMENTATIONS = YES;
				CLANG_WARN_DIRECT_OBJC_ISA_USAGE = YES_ERROR;
				CLANG_WARN_DOCUMENTATION_COMMENTS = YES;
				CLANG_WARN_EMPTY_BODY = YES;
				CLANG_WARN_ENUM_CONVERSION = YES;
				CLANG_WARN_INFINITE_RECURSION = YES;
				CLANG_WARN_INT_CONVERSION = YES;
				CLANG_WARN_NON_LITERAL_NULL_CONVERSION = YES;
				CLANG_WARN_OBJC_IMPLICIT_RETAIN_SELF = YES;
				CLANG_WARN_OBJC_LITERAL_CONVERSION = YES;
				CLANG_WARN_OBJC_ROOT_CLASS = YES_ERROR;
				CLANG_WARN_QUOTED_INCLUDE_IN_FRAMEWORK_HEADER = YES;
				CLANG_WARN_RANGE_LOOP_ANALYSIS = YES;
				CLANG_WARN_STRICT_PROTOTYPES = YES;
				CLANG_WARN_SUSPICIOUS_MOVE = YES;
				CLANG_WARN_UNGUARDED_AVAILABILITY = YES_AGGRESSIVE;
				CLANG_WARN_UNREACHABLE_CODE = YES;
				CLANG_WARN__DUPLICATE_METHOD_MATCH = YES;
				COPY_PHASE_STRIP = NO;
				DEBUG_INFORMATION_FORMAT = "dwarf-with-dsym";
				ENABLE_NS_ASSERTIONS = NO;
				ENABLE_STRICT_OBJC_MSGSEND = YES;
				GCC_C_LANGUAGE_STANDARD = gnu11;
				GCC_NO_COMMON_BLOCKS = YES;
				GCC_WARN_64_TO_32_BIT_CONVERSION = YES;
				GCC_WARN_ABOUT_RETURN_TYPE = YES_ERROR;
				GCC_WARN_UNDECLARED_SELECTOR = YES;
				GCC_WARN_UNINITIALIZED_AUTOS = YES_AGGRESSIVE;
				GCC_WARN_UNUSED_FUNCTION = YES;
				GCC_WARN_UNUSED_VARIABLE = YES;
				MTL_ENABLE_DEBUG_INFO = NO;
				MTL_FAST_MATH = YES;
				SDKROOT = iphoneos;
				SWIFT_COMPILATION_MODE = wholemodule;
				SWIFT_OPTIMIZATION_LEVEL = "-O";
				VALIDATE_PRODUCT = YES;
			};
			name = Release;
		};
		04EEFBF6256A649500EA62E9 /* Debug */ = {
			isa = XCBuildConfiguration;
			buildSettings = {
				ASSETCATALOG_COMPILER_COMPLICATION_NAME = Complication;
				CODE_SIGN_STYLE = Automatic;
				DEVELOPMENT_TEAM = WW6582Q94G;
				INFOPLIST_FILE = "WatchTimerApp WatchKit Extension/Info.plist";
				LD_RUNPATH_SEARCH_PATHS = (
					"$(inherited)",
					"@executable_path/Frameworks",
					"@executable_path/../../Frameworks",
				);
				PRODUCT_BUNDLE_IDENTIFIER = com.chavicodes.WatchTimerApp.watchkitapp.watchkitextension;
				PRODUCT_NAME = "${TARGET_NAME}";
				SDKROOT = watchos;
				SKIP_INSTALL = YES;
				SWIFT_VERSION = 5.0;
				TARGETED_DEVICE_FAMILY = 4;
				WATCHOS_DEPLOYMENT_TARGET = 7.1;
			};
			name = Debug;
		};
		04EEFBF7256A649500EA62E9 /* Release */ = {
			isa = XCBuildConfiguration;
			buildSettings = {
				ASSETCATALOG_COMPILER_COMPLICATION_NAME = Complication;
				CODE_SIGN_STYLE = Automatic;
				DEVELOPMENT_TEAM = WW6582Q94G;
				INFOPLIST_FILE = "WatchTimerApp WatchKit Extension/Info.plist";
				LD_RUNPATH_SEARCH_PATHS = (
					"$(inherited)",
					"@executable_path/Frameworks",
					"@executable_path/../../Frameworks",
				);
				PRODUCT_BUNDLE_IDENTIFIER = com.chavicodes.WatchTimerApp.watchkitapp.watchkitextension;
				PRODUCT_NAME = "${TARGET_NAME}";
				SDKROOT = watchos;
				SKIP_INSTALL = YES;
				SWIFT_VERSION = 5.0;
				TARGETED_DEVICE_FAMILY = 4;
				WATCHOS_DEPLOYMENT_TARGET = 7.1;
			};
			name = Release;
		};
		04EEFBFA256A649500EA62E9 /* Debug */ = {
			isa = XCBuildConfiguration;
			buildSettings = {
				ALWAYS_EMBED_SWIFT_STANDARD_LIBRARIES = YES;
				ASSETCATALOG_COMPILER_APPICON_NAME = AppIcon;
				ASSETCATALOG_COMPILER_GLOBAL_ACCENT_COLOR_NAME = AccentColor;
				CODE_SIGN_STYLE = Automatic;
				DEVELOPMENT_TEAM = WW6582Q94G;
				IBSC_MODULE = WatchTimerApp_WatchKit_Extension;
				INFOPLIST_FILE = "WatchTimerApp WatchKit App/Info.plist";
				PRODUCT_BUNDLE_IDENTIFIER = com.chavicodes.WatchTimerApp.watchkitapp;
				PRODUCT_NAME = "$(TARGET_NAME)";
				SDKROOT = watchos;
				SKIP_INSTALL = YES;
				SWIFT_VERSION = 5.0;
				TARGETED_DEVICE_FAMILY = 4;
				WATCHOS_DEPLOYMENT_TARGET = 7.1;
			};
			name = Debug;
		};
		04EEFBFB256A649500EA62E9 /* Release */ = {
			isa = XCBuildConfiguration;
			buildSettings = {
				ALWAYS_EMBED_SWIFT_STANDARD_LIBRARIES = YES;
				ASSETCATALOG_COMPILER_APPICON_NAME = AppIcon;
				ASSETCATALOG_COMPILER_GLOBAL_ACCENT_COLOR_NAME = AccentColor;
				CODE_SIGN_STYLE = Automatic;
				DEVELOPMENT_TEAM = WW6582Q94G;
				IBSC_MODULE = WatchTimerApp_WatchKit_Extension;
				INFOPLIST_FILE = "WatchTimerApp WatchKit App/Info.plist";
				PRODUCT_BUNDLE_IDENTIFIER = com.chavicodes.WatchTimerApp.watchkitapp;
				PRODUCT_NAME = "$(TARGET_NAME)";
				SDKROOT = watchos;
				SKIP_INSTALL = YES;
				SWIFT_VERSION = 5.0;
				TARGETED_DEVICE_FAMILY = 4;
				WATCHOS_DEPLOYMENT_TARGET = 7.1;
			};
			name = Release;
		};
		04EEFBFE256A649500EA62E9 /* Debug */ = {
			isa = XCBuildConfiguration;
			buildSettings = {
				CODE_SIGN_STYLE = Automatic;
				CURRENT_PROJECT_VERSION = 1;
				DEVELOPMENT_TEAM = WW6582Q94G;
				MARKETING_VERSION = 1.0;
				PRODUCT_BUNDLE_IDENTIFIER = com.chavicodes.WatchTimerApp;
				PRODUCT_NAME = "$(TARGET_NAME)";
				SWIFT_VERSION = 5.0;
			};
			name = Debug;
		};
		04EEFBFF256A649500EA62E9 /* Release */ = {
			isa = XCBuildConfiguration;
			buildSettings = {
				CODE_SIGN_STYLE = Automatic;
				CURRENT_PROJECT_VERSION = 1;
				DEVELOPMENT_TEAM = WW6582Q94G;
				MARKETING_VERSION = 1.0;
				PRODUCT_BUNDLE_IDENTIFIER = com.chavicodes.WatchTimerApp;
				PRODUCT_NAME = "$(TARGET_NAME)";
				SWIFT_VERSION = 5.0;
			};
			name = Release;
		};
/* End XCBuildConfiguration section */

/* Begin XCConfigurationList section */
		04EEFBCF256A649300EA62E9 /* Build configuration list for PBXProject "WatchTimerApp" */ = {
			isa = XCConfigurationList;
			buildConfigurations = (
				04EEFBF3256A649500EA62E9 /* Debug */,
				04EEFBF4256A649500EA62E9 /* Release */,
			);
			defaultConfigurationIsVisible = 0;
			defaultConfigurationName = Release;
		};
		04EEFBF5256A649500EA62E9 /* Build configuration list for PBXNativeTarget "WatchTimerApp WatchKit Extension" */ = {
			isa = XCConfigurationList;
			buildConfigurations = (
				04EEFBF6256A649500EA62E9 /* Debug */,
				04EEFBF7256A649500EA62E9 /* Release */,
			);
			defaultConfigurationIsVisible = 0;
			defaultConfigurationName = Release;
		};
		04EEFBF9256A649500EA62E9 /* Build configuration list for PBXNativeTarget "WatchTimerApp WatchKit App" */ = {
			isa = XCConfigurationList;
			buildConfigurations = (
				04EEFBFA256A649500EA62E9 /* Debug */,
				04EEFBFB256A649500EA62E9 /* Release */,
			);
			defaultConfigurationIsVisible = 0;
			defaultConfigurationName = Release;
		};
		04EEFBFD256A649500EA62E9 /* Build configuration list for PBXNativeTarget "WatchTimerApp" */ = {
			isa = XCConfigurationList;
			buildConfigurations = (
				04EEFBFE256A649500EA62E9 /* Debug */,
				04EEFBFF256A649500EA62E9 /* Release */,
			);
			defaultConfigurationIsVisible = 0;
			defaultConfigurationName = Release;
		};
/* End XCConfigurationList section */
	};
	rootObject = 04EEFBCC256A649300EA62E9 /* Project object */;
}
